{
  "name": "my-portfolio",
  "lockfileVersion": 2,
  "requires": true,
  "packages": {
    "": {
      "dependencies": {
        "animate.css": "^4.1.1",
        "typed.js": "^2.1.0",
        "wow.js": "^1.2.2"
      }
    },
    "node_modules/animate.css": {
      "version": "4.1.1",
      "resolved": "https://registry.npmjs.org/animate.css/-/animate.css-4.1.1.tgz",
      "integrity": "sha512-+mRmCTv6SbCmtYJCN4faJMNFVNN5EuCTTprDTAo7YzIGji2KADmakjVA3+8mVDkZ2Bf09vayB35lSQIex2+QaQ=="
    },
    "node_modules/typed.js": {
      "version": "2.1.0",
      "resolved": "https://registry.npmjs.org/typed.js/-/typed.js-2.1.0.tgz",
      "integrity": "sha512-bDuXEf7YcaKN4g08NMTUM6G90XU25CK3bh6U0THC/Mod/QPKlEt9g/EjvbYB8x2Qwr2p6J6I3NrsoYaVnY6wsQ=="
    },
    "node_modules/wow.js": {
      "version": "1.2.2",
      "resolved": "https://registry.npmjs.org/wow.js/-/wow.js-1.2.2.tgz",
      "integrity": "sha512-YTW9eiZimHCJDWofsiz2507txaPteUiQD461I/D8533AiRAn3+Y68/1LDuQ3OTgPjagGZLPYKrpoSgjzeQrO6A==",
      "deprecated": "deprecated in favour of aos (Animate On Scroll)"
    }
  },
  "dependencies": {
    "animate.css": {
      "version": "4.1.1",
      "resolved": "https://registry.npmjs.org/animate.css/-/animate.css-4.1.1.tgz",
      "integrity": "sha512-+mRmCTv6SbCmtYJCN4faJMNFVNN5EuCTTprDTAo7YzIGji2KADmakjVA3+8mVDkZ2Bf09vayB35lSQIex2+QaQ=="
    },
    "typed.js": {
      "version": "2.1.0",
      "resolved": "https://registry.npmjs.org/typed.js/-/typed.js-2.1.0.tgz",
      "integrity": "sha512-bDuXEf7YcaKN4g08NMTUM6G90XU25CK3bh6U0THC/Mod/QPKlEt9g/EjvbYB8x2Qwr2p6J6I3NrsoYaVnY6wsQ=="
    },
    "wow.js": {
      "version": "1.2.2",
      "resolved": "https://registry.npmjs.org/wow.js/-/wow.js-1.2.2.tgz",
      "integrity": "sha512-YTW9eiZimHCJDWofsiz2507txaPteUiQD461I/D8533AiRAn3+Y68/1LDuQ3OTgPjagGZLPYKrpoSgjzeQrO6A=="
    }
  }
}
